
Microsoft Visual Studio Solution File, Format Version 12.00
# Visual Studio 14
VisualStudioVersion = 14.0.25123.0
MinimumVisualStudioVersion = 10.0.40219.1
Project("{8BC9CEB8-8B4A-11D0-8D11-00A0C91BC942}") = "UnitTests", "UnitTests.vcxproj", "{54607045-C675-4AAE-919D-1180272F4B8F}"
EndProject
Project("{8BC9CEB8-8B4A-11D0-8D11-00A0C91BC942}") = "Jinx", "..\..\..\..\Library\Project\WinPC\Jinx\Jinx.vcxproj", "{87EA7F25-24BE-45B7-A39B-001AC70CFAAD}"
EndProject
Global
	GlobalSection(SolutionConfigurationPlatforms) = preSolution
		Debug|x64 = Debug|x64
		Debug|x86 = Debug|x86
		Release|x64 = Release|x64
		Release|x86 = Release|x86
	EndGlobalSection
	GlobalSection(ProjectConfigurationPlatforms) = postSolution
		{54607045-C675-4AAE-919D-1180272F4B8F}.Debug|x64.ActiveCfg = Debug|x64
		{54607045-C675-4AAE-919D-1180272F4B8F}.Debug|x64.Build.0 = Debug|x64
		{54607045-C675-4AAE-919D-1180272F4B8F}.Debug|x86.ActiveCfg = Debug|Win32
		{54607045-C675-4AAE-919D-1180272F4B8F}.Debug|x86.Build.0 = Debug|Win32
		{54607045-C675-4AAE-919D-1180272F4B8F}.Release|x64.ActiveCfg = Release|x64
		{54607045-C675-4AAE-919D-1180272F4B8F}.Release|x64.Build.0 = Release|x64
		{54607045-C675-4AAE-919D-1180272F4B8F}.Release|x86.ActiveCfg = Release|Win32
		{54607045-C675-4AAE-919D-1180272F4B8F}.Release|x86.Build.0 = Release|Win32
		{87EA7F25-24BE-45B7-A39B-001AC70CFAAD}.Debug|x64.ActiveCfg = Debug|x64
		{87EA7F25-24BE-45B7-A39B-001AC70CFAAD}.Debug|x64.Build.0 = Debug|x64
		{87EA7F25-24BE-45B7-A39B-001AC70CFAAD}.Debug|x86.ActiveCfg = Debug|Win32
		{87EA7F25-24BE-45B7-A39B-001AC70CFAAD}.Debug|x86.Build.0 = Debug|Win32
		{87EA7F25-24BE-45B7-A39B-001AC70CFAAD}.Release|x64.ActiveCfg = Release|x64
		{87EA7F25-24BE-45B7-A39B-001AC70CFAAD}.Release|x64.Build.0 = Release|x64
		{87EA7F25-24BE-45B7-A39B-001AC70CFAAD}.Release|x86.ActiveCfg = Release|Win32
		{87EA7F25-24BE-45B7-A39B-001AC70CFAAD}.Release|x86.Build.0 = Release|Win32
	EndGlobalSection
	GlobalSection(SolutionProperties) = preSolution
		HideSolutionNode = FALSE
	EndGlobalSection
EndGlobal
