// !$*UTF8*$!
{
	archiveVersion = 1;
	classes = {
	};
	objectVersion = 46;
	objects = {

/* Begin PBXBuildFile section */
		AA81E20D1CE2D64F00123CA5 /* libJinx.a in Frameworks */ = {isa = PBXBuildFile; fileRef = AA81E20A1CE2D63D00123CA5 /* libJinx.a */; };
		AA8B44C01D3050E100CEBD9B /* Main.cpp in Sources */ = {isa = PBXBuildFile; fileRef = AA8B44BF1D3050E100CEBD9B /* Main.cpp */; };
/* End PBXBuildFile section */

/* Begin PBXContainerItemProxy section */
		AA81E2091CE2D63D00123CA5 /* PBXContainerItemProxy */ = {
			isa = PBXContainerItemProxy;
			containerPortal = AA81E2051CE2D63D00123CA5 /* Jinx.xcodeproj */;
			proxyType = 2;
			remoteGlobalIDString = AA93A26B1CE2CE5900104611;
			remoteInfo = Jinx;
		};
		AA81E20B1CE2D64900123CA5 /* PBXContainerItemProxy */ = {
			isa = PBXContainerItemProxy;
			containerPortal = AA81E2051CE2D63D00123CA5 /* Jinx.xcodeproj */;
			proxyType = 1;
			remoteGlobalIDString = AA93A26A1CE2CE5900104611;
			remoteInfo = Jinx;
		};
/* End PBXContainerItemProxy section */

/* Begin PBXCopyFilesBuildPhase section */
		AA81E1F91CE2D62B00123CA5 /* CopyFiles */ = {
			isa = PBXCopyFilesBuildPhase;
			buildActionMask = 2147483647;
			dstPath = /usr/share/man/man1/;
			dstSubfolderSpec = 0;
			files = (
			);
			runOnlyForDeploymentPostprocessing = 1;
		};
/* End PBXCopyFilesBuildPhase section */

/* Begin PBXFileReference section */
		AA81E1FB1CE2D62B00123CA5 /* JinxFeatureTest */ = {isa = PBXFileReference; explicitFileType = "compiled.mach-o.executable"; includeInIndex = 0; path = JinxFeatureTest; sourceTree = BUILT_PRODUCTS_DIR; };
		AA81E2051CE2D63D00123CA5 /* Jinx.xcodeproj */ = {isa = PBXFileReference; lastKnownFileType = "wrapper.pb-project"; name = Jinx.xcodeproj; path = ../../../../../Library/Project/OSX/Jinx/Jinx.xcodeproj; sourceTree = "<group>"; };
		AA8B44BF1D3050E100CEBD9B /* Main.cpp */ = {isa = PBXFileReference; fileEncoding = 4; lastKnownFileType = sourcecode.cpp.cpp; name = Main.cpp; path = ../../Samples/Features/Source/Main.cpp; sourceTree = "<group>"; };
/* End PBXFileReference section */

/* Begin PBXFrameworksBuildPhase section */
		AA81E1F81CE2D62B00123CA5 /* Frameworks */ = {
			isa = PBXFrameworksBuildPhase;
			buildActionMask = 2147483647;
			files = (
				AA81E20D1CE2D64F00123CA5 /* libJinx.a in Frameworks */,
			);
			runOnlyForDeploymentPostprocessing = 0;
		};
/* End PBXFrameworksBuildPhase section */

/* Begin PBXGroup section */
		AA81E1F21CE2D62B00123CA5 = {
			isa = PBXGroup;
			children = (
				AA81E2051CE2D63D00123CA5 /* Jinx.xcodeproj */,
				AA81E1FD1CE2D62B00123CA5 /* JinxFeatureTest */,
				AA81E1FC1CE2D62B00123CA5 /* Products */,
			);
			sourceTree = "<group>";
		};
		AA81E1FC1CE2D62B00123CA5 /* Products */ = {
			isa = PBXGroup;
			children = (
				AA81E1FB1CE2D62B00123CA5 /* JinxFeatureTest */,
			);
			name = Products;
			sourceTree = "<group>";
		};
		AA81E1FD1CE2D62B00123CA5 /* JinxFeatureTest */ = {
			isa = PBXGroup;
			children = (
				AA8B44BF1D3050E100CEBD9B /* Main.cpp */,
			);
			name = JinxFeatureTest;
			path = ../../../../../UnitTests/Source;
			sourceTree = "<group>";
		};
		AA81E2061CE2D63D00123CA5 /* Products */ = {
			isa = PBXGroup;
			children = (
				AA81E20A1CE2D63D00123CA5 /* libJinx.a */,
			);
			name = Products;
			sourceTree = "<group>";
		};
/* End PBXGroup section */

/* Begin PBXNativeTarget section */
		AA81E1FA1CE2D62B00123CA5 /* JinxFeatureTest */ = {
			isa = PBXNativeTarget;
			buildConfigurationList = AA81E2021CE2D62B00123CA5 /* Build configuration list for PBXNativeTarget "JinxFeatureTest" */;
			buildPhases = (
				AA81E1F71CE2D62B00123CA5 /* Sources */,
				AA81E1F81CE2D62B00123CA5 /* Frameworks */,
				AA81E1F91CE2D62B00123CA5 /* CopyFiles */,
			);
			buildRules = (
			);
			dependencies = (
				AA81E20C1CE2D64900123CA5 /* PBXTargetDependency */,
			);
			name = JinxFeatureTest;
			productName = JinxFeatureTest;
			productReference = AA81E1FB1CE2D62B00123CA5 /* JinxFeatureTest */;
			productType = "com.apple.product-type.tool";
		};
/* End PBXNativeTarget section */

/* Begin PBXProject section */
		AA81E1F31CE2D62B00123CA5 /* Project object */ = {
			isa = PBXProject;
			attributes = {
				LastUpgradeCheck = 0730;
				ORGANIZATIONNAME = "James Boer";
				TargetAttributes = {
					AA81E1FA1CE2D62B00123CA5 = {
						CreatedOnToolsVersion = 7.3.1;
					};
				};
			};
			buildConfigurationList = AA81E1F61CE2D62B00123CA5 /* Build configuration list for PBXProject "JinxFeatureTest" */;
			compatibilityVersion = "Xcode 3.2";
			developmentRegion = English;
			hasScannedForEncodings = 0;
			knownRegions = (
				en,
			);
			mainGroup = AA81E1F21CE2D62B00123CA5;
			productRefGroup = AA81E1FC1CE2D62B00123CA5 /* Products */;
			projectDirPath = "";
			projectReferences = (
				{
					ProductGroup = AA81E2061CE2D63D00123CA5 /* Products */;
					ProjectRef = AA81E2051CE2D63D00123CA5 /* Jinx.xcodeproj */;
				},
			);
			projectRoot = "";
			targets = (
				AA81E1FA1CE2D62B00123CA5 /* JinxFeatureTest */,
			);
		};
/* End PBXProject section */

/* Begin PBXReferenceProxy section */
		AA81E20A1CE2D63D00123CA5 /* libJinx.a */ = {
			isa = PBXReferenceProxy;
			fileType = archive.ar;
			path = libJinx.a;
			remoteRef = AA81E2091CE2D63D00123CA5 /* PBXContainerItemProxy */;
			sourceTree = BUILT_PRODUCTS_DIR;
		};
/* End PBXReferenceProxy section */

/* Begin PBXSourcesBuildPhase section */
		AA81E1F71CE2D62B00123CA5 /* Sources */ = {
			isa = PBXSourcesBuildPhase;
			buildActionMask = 2147483647;
			files = (
				AA8B44C01D3050E100CEBD9B /* Main.cpp in Sources */,
			);
			runOnlyForDeploymentPostprocessing = 0;
		};
/* End PBXSourcesBuildPhase section */

/* Begin PBXTargetDependency section */
		AA81E20C1CE2D64900123CA5 /* PBXTargetDependency */ = {
			isa = PBXTargetDependency;
			name = Jinx;
			targetProxy = AA81E20B1CE2D64900123CA5 /* PBXContainerItemProxy */;
		};
/* End PBXTargetDependency section */

/* Begin XCBuildConfiguration section */
		AA81E2001CE2D62B00123CA5 /* Debug */ = {
			isa = XCBuildConfiguration;
			buildSettings = {
				ALWAYS_SEARCH_USER_PATHS = NO;
				CLANG_ANALYZER_NONNULL = YES;
				CLANG_CXX_LANGUAGE_STANDARD = "gnu++0x";
				CLANG_CXX_LIBRARY = "libc++";
				CLANG_ENABLE_MODULES = YES;
				CLANG_ENABLE_OBJC_ARC = YES;
				CLANG_WARN_BOOL_CONVERSION = YES;
				CLANG_WARN_CONSTANT_CONVERSION = YES;
				CLANG_WARN_DIRECT_OBJC_ISA_USAGE = YES_ERROR;
				CLANG_WARN_EMPTY_BODY = YES;
				CLANG_WARN_ENUM_CONVERSION = YES;
				CLANG_WARN_INT_CONVERSION = YES;
				CLANG_WARN_OBJC_ROOT_CLASS = YES_ERROR;
				CLANG_WARN_UNREACHABLE_CODE = YES;
				CLANG_WARN__DUPLICATE_METHOD_MATCH = YES;
				CODE_SIGN_IDENTITY = "-";
				COPY_PHASE_STRIP = NO;
				DEBUG_INFORMATION_FORMAT = dwarf;
				ENABLE_STRICT_OBJC_MSGSEND = YES;
				ENABLE_TESTABILITY = YES;
				GCC_C_LANGUAGE_STANDARD = gnu99;
				GCC_DYNAMIC_NO_PIC = NO;
				GCC_NO_COMMON_BLOCKS = YES;
				GCC_OPTIMIZATION_LEVEL = 0;
				GCC_PREPROCESSOR_DEFINITIONS = (
					"DEBUG=1",
					"$(inherited)",
				);
				GCC_WARN_64_TO_32_BIT_CONVERSION = YES;
				GCC_WARN_ABOUT_RETURN_TYPE = YES_ERROR;
				GCC_WARN_UNDECLARED_SELECTOR = YES;
				GCC_WARN_UNINITIALIZED_AUTOS = YES_AGGRESSIVE;
				GCC_WARN_UNUSED_FUNCTION = YES;
				GCC_WARN_UNUSED_VARIABLE = YES;
				MACOSX_DEPLOYMENT_TARGET = 10.11;
				MTL_ENABLE_DEBUG_INFO = YES;
				ONLY_ACTIVE_ARCH = YES;
				SDKROOT = macosx;
			};
			name = Debug;
		};
		AA81E2011CE2D62B00123CA5 /* Release */ = {
			isa = XCBuildConfiguration;
			buildSettings = {
				ALWAYS_SEARCH_USER_PATHS = NO;
				CLANG_ANALYZER_NONNULL = YES;
				CLANG_CXX_LANGUAGE_STANDARD = "gnu++0x";
				CLANG_CXX_LIBRARY = "libc++";
				CLANG_ENABLE_MODULES = YES;
				CLANG_ENABLE_OBJC_ARC = YES;
				CLANG_WARN_BOOL_CONVERSION = YES;
				CLANG_WARN_CONSTANT_CONVERSION = YES;
				CLANG_WARN_DIRECT_OBJC_ISA_USAGE = YES_ERROR;
				CLANG_WARN_EMPTY_BODY = YES;
				CLANG_WARN_ENUM_CONVERSION = YES;
				CLANG_WARN_INT_CONVERSION = YES;
				CLANG_WARN_OBJC_ROOT_CLASS = YES_ERROR;
				CLANG_WARN_UNREACHABLE_CODE = YES;
				CLANG_WARN__DUPLICATE_METHOD_MATCH = YES;
				CODE_SIGN_IDENTITY = "-";
				COPY_PHASE_STRIP = NO;
				DEBUG_INFORMATION_FORMAT = "dwarf-with-dsym";
				ENABLE_NS_ASSERTIONS = NO;
				ENABLE_STRICT_OBJC_MSGSEND = YES;
				GCC_C_LANGUAGE_STANDARD = gnu99;
				GCC_NO_COMMON_BLOCKS = YES;
				GCC_WARN_64_TO_32_BIT_CONVERSION = YES;
				GCC_WARN_ABOUT_RETURN_TYPE = YES_ERROR;
				GCC_WARN_UNDECLARED_SELECTOR = YES;
				GCC_WARN_UNINITIALIZED_AUTOS = YES_AGGRESSIVE;
				GCC_WARN_UNUSED_FUNCTION = YES;
				GCC_WARN_UNUSED_VARIABLE = YES;
				MACOSX_DEPLOYMENT_TARGET = 10.11;
				MTL_ENABLE_DEBUG_INFO = NO;
				SDKROOT = macosx;
			};
			name = Release;
		};
		AA81E2031CE2D62B00123CA5 /* Debug */ = {
			isa = XCBuildConfiguration;
			buildSettings = {
				PRODUCT_NAME = "$(TARGET_NAME)";
			};
			name = Debug;
		};
		AA81E2041CE2D62B00123CA5 /* Release */ = {
			isa = XCBuildConfiguration;
			buildSettings = {
				PRODUCT_NAME = "$(TARGET_NAME)";
			};
			name = Release;
		};
/* End XCBuildConfiguration section */

/* Begin XCConfigurationList section */
		AA81E1F61CE2D62B00123CA5 /* Build configuration list for PBXProject "JinxFeatureTest" */ = {
			isa = XCConfigurationList;
			buildConfigurations = (
				AA81E2001CE2D62B00123CA5 /* Debug */,
				AA81E2011CE2D62B00123CA5 /* Release */,
			);
			defaultConfigurationIsVisible = 0;
			defaultConfigurationName = Release;
		};
		AA81E2021CE2D62B00123CA5 /* Build configuration list for PBXNativeTarget "JinxFeatureTest" */ = {
			isa = XCConfigurationList;
			buildConfigurations = (
				AA81E2031CE2D62B00123CA5 /* Debug */,
				AA81E2041CE2D62B00123CA5 /* Release */,
			);
			defaultConfigurationIsVisible = 0;
			defaultConfigurationName = Release;
		};
/* End XCConfigurationList section */
	};
	rootObject = AA81E1F31CE2D62B00123CA5 /* Project object */;
}
