
Microsoft Visual Studio Solution File, Format Version 12.00
# Visual Studio 15
VisualStudioVersion = 15.0.28010.2026
MinimumVisualStudioVersion = 10.0.40219.1
Project("{8BC9CEB8-8B4A-11D0-8D11-00A0C91BC942}") = "HeaderTest", "HeaderTest.vcxproj", "{C81763D2-E53D-46D8-BB34-36A64A81681F}"
EndProject
Global
	GlobalSection(SolutionConfigurationPlatforms) = preSolution
		Debug|x64 = Debug|x64
		Debug|x86 = Debug|x86
		Release|x64 = Release|x64
		Release|x86 = Release|x86
	EndGlobalSection
	GlobalSection(ProjectConfigurationPlatforms) = postSolution
		{C81763D2-E53D-46D8-BB34-36A64A81681F}.Debug|x64.ActiveCfg = Debug|x64
		{C81763D2-E53D-46D8-BB34-36A64A81681F}.Debug|x64.Build.0 = Debug|x64
		{C81763D2-E53D-46D8-BB34-36A64A81681F}.Debug|x86.ActiveCfg = Debug|Win32
		{C81763D2-E53D-46D8-BB34-36A64A81681F}.Debug|x86.Build.0 = Debug|Win32
		{C81763D2-E53D-46D8-BB34-36A64A81681F}.Release|x64.ActiveCfg = Release|x64
		{C81763D2-E53D-46D8-BB34-36A64A81681F}.Release|x64.Build.0 = Release|x64
		{C81763D2-E53D-46D8-BB34-36A64A81681F}.Release|x86.ActiveCfg = Release|Win32
		{C81763D2-E53D-46D8-BB34-36A64A81681F}.Release|x86.Build.0 = Release|Win32
	EndGlobalSection
	GlobalSection(SolutionProperties) = preSolution
		HideSolutionNode = FALSE
	EndGlobalSection
	GlobalSection(ExtensibilityGlobals) = postSolution
		SolutionGuid = {C6C867F6-705A-4808-963D-BE42CF639008}
	EndGlobalSection
EndGlobal
