// !$*UTF8*$!
{
	archiveVersion = 1;
	classes = {
	};
	objectVersion = 46;
	objects = {

/* Begin PBXBuildFile section */
		AA486BB01F124B170021687E /* TestExpressions.cpp in Sources */ = {isa = PBXBuildFile; fileRef = AA486BAF1F124B170021687E /* TestExpressions.cpp */; };
		AA62D3E01D96F94100F263BB /* libJinx.a in Frameworks */ = {isa = PBXBuildFile; fileRef = AA62D3DF1D96F89600F263BB /* libJinx.a */; };
		AA8B44B21D30503900CEBD9B /* Main.cpp in Sources */ = {isa = PBXBuildFile; fileRef = AA8B44A51D30503900CEBD9B /* Main.cpp */; };
		AA8B44B41D30503900CEBD9B /* TestCasts.cpp in Sources */ = {isa = PBXBuildFile; fileRef = AA8B44A71D30503900CEBD9B /* TestCasts.cpp */; };
		AA8B44B51D30503900CEBD9B /* TestCollections.cpp in Sources */ = {isa = PBXBuildFile; fileRef = AA8B44A81D30503900CEBD9B /* TestCollections.cpp */; };
		AA8B44B61D30503900CEBD9B /* TestErrors.cpp in Sources */ = {isa = PBXBuildFile; fileRef = AA8B44A91D30503900CEBD9B /* TestErrors.cpp */; };
		AA8B44B71D30503900CEBD9B /* TestFunctions.cpp in Sources */ = {isa = PBXBuildFile; fileRef = AA8B44AA1D30503900CEBD9B /* TestFunctions.cpp */; };
		AA8B44B81D30503900CEBD9B /* TestIfElse.cpp in Sources */ = {isa = PBXBuildFile; fileRef = AA8B44AB1D30503900CEBD9B /* TestIfElse.cpp */; };
		AA8B44B91D30503900CEBD9B /* TestLibCore.cpp in Sources */ = {isa = PBXBuildFile; fileRef = AA8B44AC1D30503900CEBD9B /* TestLibCore.cpp */; };
		AA8B44BA1D30503900CEBD9B /* TestLibraries.cpp in Sources */ = {isa = PBXBuildFile; fileRef = AA8B44AD1D30503900CEBD9B /* TestLibraries.cpp */; };
		AA8B44BB1D30503900CEBD9B /* TestLoops.cpp in Sources */ = {isa = PBXBuildFile; fileRef = AA8B44AE1D30503900CEBD9B /* TestLoops.cpp */; };
		AA8B44BC1D30503900CEBD9B /* TestStatements.cpp in Sources */ = {isa = PBXBuildFile; fileRef = AA8B44AF1D30503900CEBD9B /* TestStatements.cpp */; };
		AA8B44BD1D30503900CEBD9B /* UnitTest.cpp in Sources */ = {isa = PBXBuildFile; fileRef = AA8B44B01D30503900CEBD9B /* UnitTest.cpp */; };
		AAF049601D322C9900090BA3 /* TestNative.cpp in Sources */ = {isa = PBXBuildFile; fileRef = AAF0495E1D322C9900090BA3 /* TestNative.cpp */; };
		AAF049611D322C9900090BA3 /* TestUnicode.cpp in Sources */ = {isa = PBXBuildFile; fileRef = AAF0495F1D322C9900090BA3 /* TestUnicode.cpp */; };
/* End PBXBuildFile section */

/* Begin PBXContainerItemProxy section */
		AA62D3DE1D96F89600F263BB /* PBXContainerItemProxy */ = {
			isa = PBXContainerItemProxy;
			containerPortal = AA62D3DA1D96F89600F263BB /* Jinx.xcodeproj */;
			proxyType = 2;
			remoteGlobalIDString = AA93A26B1CE2CE5900104611;
			remoteInfo = Jinx;
		};
/* End PBXContainerItemProxy section */

/* Begin PBXCopyFilesBuildPhase section */
		AA32F9431CE2CF1F00941746 /* CopyFiles */ = {
			isa = PBXCopyFilesBuildPhase;
			buildActionMask = 2147483647;
			dstPath = /usr/share/man/man1/;
			dstSubfolderSpec = 0;
			files = (
			);
			runOnlyForDeploymentPostprocessing = 1;
		};
/* End PBXCopyFilesBuildPhase section */

/* Begin PBXFileReference section */
		AA32F9451CE2CF1F00941746 /* UnitTests */ = {isa = PBXFileReference; explicitFileType = "compiled.mach-o.executable"; includeInIndex = 0; path = UnitTests; sourceTree = BUILT_PRODUCTS_DIR; };
		AA486BAF1F124B170021687E /* TestExpressions.cpp */ = {isa = PBXFileReference; fileEncoding = 4; lastKnownFileType = sourcecode.cpp.cpp; path = TestExpressions.cpp; sourceTree = "<group>"; };
		AA62D3DA1D96F89600F263BB /* Jinx.xcodeproj */ = {isa = PBXFileReference; lastKnownFileType = "wrapper.pb-project"; name = Jinx.xcodeproj; path = ../../../../Jinx/macOS/Jinx/Jinx.xcodeproj; sourceTree = "<group>"; };
		AA8B44A41D30503900CEBD9B /* catch.hpp */ = {isa = PBXFileReference; fileEncoding = 4; lastKnownFileType = sourcecode.cpp.h; path = catch.hpp; sourceTree = "<group>"; };
		AA8B44A51D30503900CEBD9B /* Main.cpp */ = {isa = PBXFileReference; fileEncoding = 4; lastKnownFileType = sourcecode.cpp.cpp; path = Main.cpp; sourceTree = "<group>"; };
		AA8B44A71D30503900CEBD9B /* TestCasts.cpp */ = {isa = PBXFileReference; fileEncoding = 4; lastKnownFileType = sourcecode.cpp.cpp; path = TestCasts.cpp; sourceTree = "<group>"; };
		AA8B44A81D30503900CEBD9B /* TestCollections.cpp */ = {isa = PBXFileReference; fileEncoding = 4; lastKnownFileType = sourcecode.cpp.cpp; path = TestCollections.cpp; sourceTree = "<group>"; };
		AA8B44A91D30503900CEBD9B /* TestErrors.cpp */ = {isa = PBXFileReference; fileEncoding = 4; lastKnownFileType = sourcecode.cpp.cpp; path = TestErrors.cpp; sourceTree = "<group>"; };
		AA8B44AA1D30503900CEBD9B /* TestFunctions.cpp */ = {isa = PBXFileReference; fileEncoding = 4; lastKnownFileType = sourcecode.cpp.cpp; path = TestFunctions.cpp; sourceTree = "<group>"; };
		AA8B44AB1D30503900CEBD9B /* TestIfElse.cpp */ = {isa = PBXFileReference; fileEncoding = 4; lastKnownFileType = sourcecode.cpp.cpp; path = TestIfElse.cpp; sourceTree = "<group>"; };
		AA8B44AC1D30503900CEBD9B /* TestLibCore.cpp */ = {isa = PBXFileReference; fileEncoding = 4; lastKnownFileType = sourcecode.cpp.cpp; path = TestLibCore.cpp; sourceTree = "<group>"; };
		AA8B44AD1D30503900CEBD9B /* TestLibraries.cpp */ = {isa = PBXFileReference; fileEncoding = 4; lastKnownFileType = sourcecode.cpp.cpp; path = TestLibraries.cpp; sourceTree = "<group>"; };
		AA8B44AE1D30503900CEBD9B /* TestLoops.cpp */ = {isa = PBXFileReference; fileEncoding = 4; lastKnownFileType = sourcecode.cpp.cpp; path = TestLoops.cpp; sourceTree = "<group>"; };
		AA8B44AF1D30503900CEBD9B /* TestStatements.cpp */ = {isa = PBXFileReference; fileEncoding = 4; lastKnownFileType = sourcecode.cpp.cpp; path = TestStatements.cpp; sourceTree = "<group>"; };
		AA8B44B01D30503900CEBD9B /* UnitTest.cpp */ = {isa = PBXFileReference; fileEncoding = 4; lastKnownFileType = sourcecode.cpp.cpp; path = UnitTest.cpp; sourceTree = "<group>"; };
		AA8B44B11D30503900CEBD9B /* UnitTest.h */ = {isa = PBXFileReference; fileEncoding = 4; lastKnownFileType = sourcecode.c.h; path = UnitTest.h; sourceTree = "<group>"; };
		AAF0495E1D322C9900090BA3 /* TestNative.cpp */ = {isa = PBXFileReference; fileEncoding = 4; lastKnownFileType = sourcecode.cpp.cpp; path = TestNative.cpp; sourceTree = "<group>"; };
		AAF0495F1D322C9900090BA3 /* TestUnicode.cpp */ = {isa = PBXFileReference; fileEncoding = 4; lastKnownFileType = sourcecode.cpp.cpp; path = TestUnicode.cpp; sourceTree = "<group>"; };
/* End PBXFileReference section */

/* Begin PBXFrameworksBuildPhase section */
		AA32F9421CE2CF1F00941746 /* Frameworks */ = {
			isa = PBXFrameworksBuildPhase;
			buildActionMask = 2147483647;
			files = (
				AA62D3E01D96F94100F263BB /* libJinx.a in Frameworks */,
			);
			runOnlyForDeploymentPostprocessing = 0;
		};
/* End PBXFrameworksBuildPhase section */

/* Begin PBXGroup section */
		AA32F93C1CE2CF1F00941746 = {
			isa = PBXGroup;
			children = (
				AA62D3DA1D96F89600F263BB /* Jinx.xcodeproj */,
				AA32F9471CE2CF1F00941746 /* UnitTests */,
				AA32F9461CE2CF1F00941746 /* Products */,
			);
			sourceTree = "<group>";
		};
		AA32F9461CE2CF1F00941746 /* Products */ = {
			isa = PBXGroup;
			children = (
				AA32F9451CE2CF1F00941746 /* UnitTests */,
			);
			name = Products;
			sourceTree = "<group>";
		};
		AA32F9471CE2CF1F00941746 /* UnitTests */ = {
			isa = PBXGroup;
			children = (
				AA8B44A41D30503900CEBD9B /* catch.hpp */,
				AA8B44A51D30503900CEBD9B /* Main.cpp */,
				AA8B44A71D30503900CEBD9B /* TestCasts.cpp */,
				AA8B44A81D30503900CEBD9B /* TestCollections.cpp */,
				AA8B44A91D30503900CEBD9B /* TestErrors.cpp */,
				AA486BAF1F124B170021687E /* TestExpressions.cpp */,
				AA8B44AA1D30503900CEBD9B /* TestFunctions.cpp */,
				AA8B44AB1D30503900CEBD9B /* TestIfElse.cpp */,
				AA8B44AC1D30503900CEBD9B /* TestLibCore.cpp */,
				AA8B44AD1D30503900CEBD9B /* TestLibraries.cpp */,
				AA8B44AE1D30503900CEBD9B /* TestLoops.cpp */,
				AAF0495E1D322C9900090BA3 /* TestNative.cpp */,
				AA8B44AF1D30503900CEBD9B /* TestStatements.cpp */,
				AAF0495F1D322C9900090BA3 /* TestUnicode.cpp */,
				AA8B44B01D30503900CEBD9B /* UnitTest.cpp */,
				AA8B44B11D30503900CEBD9B /* UnitTest.h */,
			);
			name = UnitTests;
			path = ../../../Source;
			sourceTree = "<group>";
		};
		AA62D3DB1D96F89600F263BB /* Products */ = {
			isa = PBXGroup;
			children = (
				AA62D3DF1D96F89600F263BB /* libJinx.a */,
			);
			name = Products;
			sourceTree = "<group>";
		};
/* End PBXGroup section */

/* Begin PBXNativeTarget section */
		AA32F9441CE2CF1F00941746 /* UnitTests */ = {
			isa = PBXNativeTarget;
			buildConfigurationList = AA32F94C1CE2CF1F00941746 /* Build configuration list for PBXNativeTarget "UnitTests" */;
			buildPhases = (
				AA32F9411CE2CF1F00941746 /* Sources */,
				AA32F9421CE2CF1F00941746 /* Frameworks */,
				AA32F9431CE2CF1F00941746 /* CopyFiles */,
			);
			buildRules = (
			);
			dependencies = (
			);
			name = UnitTests;
			productName = UnitTests;
			productReference = AA32F9451CE2CF1F00941746 /* UnitTests */;
			productType = "com.apple.product-type.tool";
		};
/* End PBXNativeTarget section */

/* Begin PBXProject section */
		AA32F93D1CE2CF1F00941746 /* Project object */ = {
			isa = PBXProject;
			attributes = {
				LastUpgradeCheck = 0930;
				ORGANIZATIONNAME = "James Boer";
				TargetAttributes = {
					AA32F9441CE2CF1F00941746 = {
						CreatedOnToolsVersion = 7.3.1;
					};
				};
			};
			buildConfigurationList = AA32F9401CE2CF1F00941746 /* Build configuration list for PBXProject "UnitTests" */;
			compatibilityVersion = "Xcode 3.2";
			developmentRegion = English;
			hasScannedForEncodings = 0;
			knownRegions = (
				en,
			);
			mainGroup = AA32F93C1CE2CF1F00941746;
			productRefGroup = AA32F9461CE2CF1F00941746 /* Products */;
			projectDirPath = "";
			projectReferences = (
				{
					ProductGroup = AA62D3DB1D96F89600F263BB /* Products */;
					ProjectRef = AA62D3DA1D96F89600F263BB /* Jinx.xcodeproj */;
				},
			);
			projectRoot = "";
			targets = (
				AA32F9441CE2CF1F00941746 /* UnitTests */,
			);
		};
/* End PBXProject section */

/* Begin PBXReferenceProxy section */
		AA62D3DF1D96F89600F263BB /* libJinx.a */ = {
			isa = PBXReferenceProxy;
			fileType = archive.ar;
			path = libJinx.a;
			remoteRef = AA62D3DE1D96F89600F263BB /* PBXContainerItemProxy */;
			sourceTree = BUILT_PRODUCTS_DIR;
		};
/* End PBXReferenceProxy section */

/* Begin PBXSourcesBuildPhase section */
		AA32F9411CE2CF1F00941746 /* Sources */ = {
			isa = PBXSourcesBuildPhase;
			buildActionMask = 2147483647;
			files = (
				AA8B44B91D30503900CEBD9B /* TestLibCore.cpp in Sources */,
				AA8B44BD1D30503900CEBD9B /* UnitTest.cpp in Sources */,
				AAF049611D322C9900090BA3 /* TestUnicode.cpp in Sources */,
				AA8B44B61D30503900CEBD9B /* TestErrors.cpp in Sources */,
				AA8B44B81D30503900CEBD9B /* TestIfElse.cpp in Sources */,
				AA8B44B41D30503900CEBD9B /* TestCasts.cpp in Sources */,
				AA8B44B21D30503900CEBD9B /* Main.cpp in Sources */,
				AAF049601D322C9900090BA3 /* TestNative.cpp in Sources */,
				AA8B44BA1D30503900CEBD9B /* TestLibraries.cpp in Sources */,
				AA8B44B51D30503900CEBD9B /* TestCollections.cpp in Sources */,
				AA8B44BC1D30503900CEBD9B /* TestStatements.cpp in Sources */,
				AA486BB01F124B170021687E /* TestExpressions.cpp in Sources */,
				AA8B44B71D30503900CEBD9B /* TestFunctions.cpp in Sources */,
				AA8B44BB1D30503900CEBD9B /* TestLoops.cpp in Sources */,
			);
			runOnlyForDeploymentPostprocessing = 0;
		};
/* End PBXSourcesBuildPhase section */

/* Begin XCBuildConfiguration section */
		AA32F94A1CE2CF1F00941746 /* Debug */ = {
			isa = XCBuildConfiguration;
			buildSettings = {
				ALWAYS_SEARCH_USER_PATHS = NO;
				CLANG_ANALYZER_NONNULL = YES;
				CLANG_CXX_LANGUAGE_STANDARD = "gnu++17";
				CLANG_CXX_LIBRARY = "libc++";
				CLANG_ENABLE_MODULES = YES;
				CLANG_ENABLE_OBJC_ARC = YES;
				CLANG_WARN_BLOCK_CAPTURE_AUTORELEASING = YES;
				CLANG_WARN_BOOL_CONVERSION = YES;
				CLANG_WARN_COMMA = YES;
				CLANG_WARN_CONSTANT_CONVERSION = YES;
				CLANG_WARN_DEPRECATED_OBJC_IMPLEMENTATIONS = YES;
				CLANG_WARN_DIRECT_OBJC_ISA_USAGE = YES_ERROR;
				CLANG_WARN_EMPTY_BODY = YES;
				CLANG_WARN_ENUM_CONVERSION = YES;
				CLANG_WARN_INFINITE_RECURSION = YES;
				CLANG_WARN_INT_CONVERSION = YES;
				CLANG_WARN_NON_LITERAL_NULL_CONVERSION = YES;
				CLANG_WARN_OBJC_IMPLICIT_RETAIN_SELF = YES;
				CLANG_WARN_OBJC_LITERAL_CONVERSION = YES;
				CLANG_WARN_OBJC_ROOT_CLASS = YES_ERROR;
				CLANG_WARN_RANGE_LOOP_ANALYSIS = YES;
				CLANG_WARN_STRICT_PROTOTYPES = YES;
				CLANG_WARN_SUSPICIOUS_MOVE = YES;
				CLANG_WARN_UNREACHABLE_CODE = YES;
				CLANG_WARN__DUPLICATE_METHOD_MATCH = YES;
				CODE_SIGN_IDENTITY = "-";
				COPY_PHASE_STRIP = NO;
				DEBUG_INFORMATION_FORMAT = dwarf;
				ENABLE_STRICT_OBJC_MSGSEND = YES;
				ENABLE_TESTABILITY = YES;
				GCC_C_LANGUAGE_STANDARD = gnu99;
				GCC_DYNAMIC_NO_PIC = NO;
				GCC_NO_COMMON_BLOCKS = YES;
				GCC_OPTIMIZATION_LEVEL = 0;
				GCC_PREPROCESSOR_DEFINITIONS = (
					"DEBUG=1",
					"$(inherited)",
				);
				GCC_WARN_64_TO_32_BIT_CONVERSION = YES;
				GCC_WARN_ABOUT_RETURN_TYPE = YES_ERROR;
				GCC_WARN_UNDECLARED_SELECTOR = YES;
				GCC_WARN_UNINITIALIZED_AUTOS = YES_AGGRESSIVE;
				GCC_WARN_UNUSED_FUNCTION = YES;
				GCC_WARN_UNUSED_VARIABLE = YES;
				MACOSX_DEPLOYMENT_TARGET = 10.14;
				MTL_ENABLE_DEBUG_INFO = YES;
				ONLY_ACTIVE_ARCH = YES;
				SDKROOT = macosx;
			};
			name = Debug;
		};
		AA32F94B1CE2CF1F00941746 /* Release */ = {
			isa = XCBuildConfiguration;
			buildSettings = {
				ALWAYS_SEARCH_USER_PATHS = NO;
				CLANG_ANALYZER_NONNULL = YES;
				CLANG_CXX_LANGUAGE_STANDARD = "gnu++17";
				CLANG_CXX_LIBRARY = "libc++";
				CLANG_ENABLE_MODULES = YES;
				CLANG_ENABLE_OBJC_ARC = YES;
				CLANG_WARN_BLOCK_CAPTURE_AUTORELEASING = YES;
				CLANG_WARN_BOOL_CONVERSION = YES;
				CLANG_WARN_COMMA = YES;
				CLANG_WARN_CONSTANT_CONVERSION = YES;
				CLANG_WARN_DEPRECATED_OBJC_IMPLEMENTATIONS = YES;
				CLANG_WARN_DIRECT_OBJC_ISA_USAGE = YES_ERROR;
				CLANG_WARN_EMPTY_BODY = YES;
				CLANG_WARN_ENUM_CONVERSION = YES;
				CLANG_WARN_INFINITE_RECURSION = YES;
				CLANG_WARN_INT_CONVERSION = YES;
				CLANG_WARN_NON_LITERAL_NULL_CONVERSION = YES;
				CLANG_WARN_OBJC_IMPLICIT_RETAIN_SELF = YES;
				CLANG_WARN_OBJC_LITERAL_CONVERSION = YES;
				CLANG_WARN_OBJC_ROOT_CLASS = YES_ERROR;
				CLANG_WARN_RANGE_LOOP_ANALYSIS = YES;
				CLANG_WARN_STRICT_PROTOTYPES = YES;
				CLANG_WARN_SUSPICIOUS_MOVE = YES;
				CLANG_WARN_UNREACHABLE_CODE = YES;
				CLANG_WARN__DUPLICATE_METHOD_MATCH = YES;
				CODE_SIGN_IDENTITY = "-";
				COPY_PHASE_STRIP = NO;
				DEBUG_INFORMATION_FORMAT = "dwarf-with-dsym";
				ENABLE_NS_ASSERTIONS = NO;
				ENABLE_STRICT_OBJC_MSGSEND = YES;
				GCC_C_LANGUAGE_STANDARD = gnu99;
				GCC_NO_COMMON_BLOCKS = YES;
				GCC_WARN_64_TO_32_BIT_CONVERSION = YES;
				GCC_WARN_ABOUT_RETURN_TYPE = YES_ERROR;
				GCC_WARN_UNDECLARED_SELECTOR = YES;
				GCC_WARN_UNINITIALIZED_AUTOS = YES_AGGRESSIVE;
				GCC_WARN_UNUSED_FUNCTION = YES;
				GCC_WARN_UNUSED_VARIABLE = YES;
				MACOSX_DEPLOYMENT_TARGET = 10.14;
				MTL_ENABLE_DEBUG_INFO = NO;
				SDKROOT = macosx;
			};
			name = Release;
		};
		AA32F94D1CE2CF1F00941746 /* Debug */ = {
			isa = XCBuildConfiguration;
			buildSettings = {
				PRODUCT_NAME = "$(TARGET_NAME)";
			};
			name = Debug;
		};
		AA32F94E1CE2CF1F00941746 /* Release */ = {
			isa = XCBuildConfiguration;
			buildSettings = {
				PRODUCT_NAME = "$(TARGET_NAME)";
			};
			name = Release;
		};
/* End XCBuildConfiguration section */

/* Begin XCConfigurationList section */
		AA32F9401CE2CF1F00941746 /* Build configuration list for PBXProject "UnitTests" */ = {
			isa = XCConfigurationList;
			buildConfigurations = (
				AA32F94A1CE2CF1F00941746 /* Debug */,
				AA32F94B1CE2CF1F00941746 /* Release */,
			);
			defaultConfigurationIsVisible = 0;
			defaultConfigurationName = Release;
		};
		AA32F94C1CE2CF1F00941746 /* Build configuration list for PBXNativeTarget "UnitTests" */ = {
			isa = XCConfigurationList;
			buildConfigurations = (
				AA32F94D1CE2CF1F00941746 /* Debug */,
				AA32F94E1CE2CF1F00941746 /* Release */,
			);
			defaultConfigurationIsVisible = 0;
			defaultConfigurationName = Release;
		};
/* End XCConfigurationList section */
	};
	rootObject = AA32F93D1CE2CF1F00941746 /* Project object */;
}
